// !$*UTF8*$!
{
	archiveVersion = 1;
	classes = {
	};
	objectVersion = 48;
	objects = {

/* Begin PBXBuildFile section */
		072A5F1E1F95965500FE2FD9 /* IGSnapProgressView.swift in Sources */ = {isa = PBXBuildFile; fileRef = 072A5F1D1F95965500FE2FD9 /* IGSnapProgressView.swift */; };
		073DBEA41F8F8A2B001C3AC1 /* AppDelegate.swift in Sources */ = {isa = PBXBuildFile; fileRef = 073DBEA31F8F8A2B001C3AC1 /* AppDelegate.swift */; };
		073DBEA61F8F8A2B001C3AC1 /* ViewController.swift in Sources */ = {isa = PBXBuildFile; fileRef = 073DBEA51F8F8A2B001C3AC1 /* ViewController.swift */; };
		073DBEA91F8F8A2B001C3AC1 /* Main.storyboard in Resources */ = {isa = PBXBuildFile; fileRef = 073DBEA71F8F8A2B001C3AC1 /* Main.storyboard */; };
		073DBEAB1F8F8A2B001C3AC1 /* Assets.xcassets in Resources */ = {isa = PBXBuildFile; fileRef = 073DBEAA1F8F8A2B001C3AC1 /* Assets.xcassets */; };
		073DBEAE1F8F8A2B001C3AC1 /* LaunchScreen.storyboard in Resources */ = {isa = PBXBuildFile; fileRef = 073DBEAC1F8F8A2B001C3AC1 /* LaunchScreen.storyboard */; };
/* End PBXBuildFile section */

/* Begin PBXFileReference section */
		072A5F1D1F95965500FE2FD9 /* IGSnapProgressView.swift */ = {isa = PBXFileReference; lastKnownFileType = sourcecode.swift; path = IGSnapProgressView.swift; sourceTree = "<group>"; };
		073DBEA01F8F8A2B001C3AC1 /* Instagram_ProgressBar.app */ = {isa = PBXFileReference; explicitFileType = wrapper.application; includeInIndex = 0; path = Instagram_ProgressBar.app; sourceTree = BUILT_PRODUCTS_DIR; };
		073DBEA31F8F8A2B001C3AC1 /* AppDelegate.swift */ = {isa = PBXFileReference; lastKnownFileType = sourcecode.swift; path = AppDelegate.swift; sourceTree = "<group>"; };
		073DBEA51F8F8A2B001C3AC1 /* ViewController.swift */ = {isa = PBXFileReference; lastKnownFileType = sourcecode.swift; path = ViewController.swift; sourceTree = "<group>"; };
		073DBEA81F8F8A2B001C3AC1 /* Base */ = {isa = PBXFileReference; lastKnownFileType = file.storyboard; name = Base; path = Base.lproj/Main.storyboard; sourceTree = "<group>"; };
		073DBEAA1F8F8A2B001C3AC1 /* Assets.xcassets */ = {isa = PBXFileReference; lastKnownFileType = folder.assetcatalog; path = Assets.xcassets; sourceTree = "<group>"; };
		073DBEAD1F8F8A2B001C3AC1 /* Base */ = {isa = PBXFileReference; lastKnownFileType = file.storyboard; name = Base; path = Base.lproj/LaunchScreen.storyboard; sourceTree = "<group>"; };
		073DBEAF1F8F8A2B001C3AC1 /* Info.plist */ = {isa = PBXFileReference; lastKnownFileType = text.plist.xml; path = Info.plist; sourceTree = "<group>"; };
/* End PBXFileReference section */

/* Begin PBXFrameworksBuildPhase section */
		073DBE9D1F8F8A2B001C3AC1 /* Frameworks */ = {
			isa = PBXFrameworksBuildPhase;
			buildActionMask = 2147483647;
			files = (
			);
			runOnlyForDeploymentPostprocessing = 0;
		};
/* End PBXFrameworksBuildPhase section */

/* Begin PBXGroup section */
		073DBE971F8F8A2A001C3AC1 = {
			isa = PBXGroup;
			children = (
				073DBEA21F8F8A2B001C3AC1 /* Instagram_ProgressBar */,
				073DBEA11F8F8A2B001C3AC1 /* Products */,
			);
			sourceTree = "<group>";
		};
		073DBEA11F8F8A2B001C3AC1 /* Products */ = {
			isa = PBXGroup;
			children = (
				073DBEA01F8F8A2B001C3AC1 /* Instagram_ProgressBar.app */,
			);
			name = Products;
			sourceTree = "<group>";
		};
		073DBEA21F8F8A2B001C3AC1 /* Instagram_ProgressBar */ = {
			isa = PBXGroup;
			children = (
				073DBEA31F8F8A2B001C3AC1 /* AppDelegate.swift */,
				073DBEA51F8F8A2B001C3AC1 /* ViewController.swift */,
				072A5F1D1F95965500FE2FD9 /* IGSnapProgressView.swift */,
				073DBEA71F8F8A2B001C3AC1 /* Main.storyboard */,
				073DBEAA1F8F8A2B001C3AC1 /* Assets.xcassets */,
				073DBEAC1F8F8A2B001C3AC1 /* LaunchScreen.storyboard */,
				073DBEAF1F8F8A2B001C3AC1 /* Info.plist */,
			);
			path = Instagram_ProgressBar;
			sourceTree = "<group>";
		};
/* End PBXGroup section */

/* Begin PBXNativeTarget section */
		073DBE9F1F8F8A2B001C3AC1 /* Instagram_ProgressBar */ = {
			isa = PBXNativeTarget;
			buildConfigurationList = 073DBEB21F8F8A2B001C3AC1 /* Build configuration list for PBXNativeTarget "Instagram_ProgressBar" */;
			buildPhases = (
				073DBE9C1F8F8A2B001C3AC1 /* Sources */,
				073DBE9D1F8F8A2B001C3AC1 /* Frameworks */,
				073DBE9E1F8F8A2B001C3AC1 /* Resources */,
			);
			buildRules = (
			);
			dependencies = (
			);
			name = Instagram_ProgressBar;
			productName = Instagram_ProgressBar;
			productReference = 073DBEA01F8F8A2B001C3AC1 /* Instagram_ProgressBar.app */;
			productType = "com.apple.product-type.application";
		};
/* End PBXNativeTarget section */

/* Begin PBXProject section */
		073DBE981F8F8A2A001C3AC1 /* Project object */ = {
			isa = PBXProject;
			attributes = {
				LastSwiftUpdateCheck = 0900;
				LastUpgradeCheck = 1010;
				ORGANIZATIONNAME = Dash;
				TargetAttributes = {
					073DBE9F1F8F8A2B001C3AC1 = {
						CreatedOnToolsVersion = 9.0;
						LastSwiftMigration = 1010;
						ProvisioningStyle = Automatic;
					};
				};
			};
			buildConfigurationList = 073DBE9B1F8F8A2A001C3AC1 /* Build configuration list for PBXProject "Instagram_ProgressBar" */;
			compatibilityVersion = "Xcode 8.0";
			developmentRegion = en;
			hasScannedForEncodings = 0;
			knownRegions = (
				en,
				Base,
			);
			mainGroup = 073DBE971F8F8A2A001C3AC1;
			productRefGroup = 073DBEA11F8F8A2B001C3AC1 /* Products */;
			projectDirPath = "";
			projectRoot = "";
			targets = (
				073DBE9F1F8F8A2B001C3AC1 /* Instagram_ProgressBar */,
			);
		};
/* End PBXProject section */

/* Begin PBXResourcesBuildPhase section */
		073DBE9E1F8F8A2B001C3AC1 /* Resources */ = {
			isa = PBXResourcesBuildPhase;
			buildActionMask = 2147483647;
			files = (
				073DBEAE1F8F8A2B001C3AC1 /* LaunchScreen.storyboard in Resources */,
				073DBEAB1F8F8A2B001C3AC1 /* Assets.xcassets in Resources */,
				073DBEA91F8F8A2B001C3AC1 /* Main.storyboard in Resources */,
			);
			runOnlyForDeploymentPostprocessing = 0;
		};
/* End PBXResourcesBuildPhase section */

/* Begin PBXSourcesBuildPhase section */
		073DBE9C1F8F8A2B001C3AC1 /* Sources */ = {
			isa = PBXSourcesBuildPhase;
			buildActionMask = 2147483647;
			files = (
				073DBEA61F8F8A2B001C3AC1 /* ViewController.swift in Sources */,
				073DBEA41F8F8A2B001C3AC1 /* AppDelegate.swift in Sources */,
				072A5F1E1F95965500FE2FD9 /* IGSnapProgressView.swift in Sources */,
			);
			runOnlyForDeploymentPostprocessing = 0;
		};
/* End PBXSourcesBuildPhase section */

/* Begin PBXVariantGroup section */
		073DBEA71F8F8A2B001C3AC1 /* Main.storyboard */ = {
			isa = PBXVariantGroup;
			children = (
				073DBEA81F8F8A2B001C3AC1 /* Base */,
			);
			name = Main.storyboard;
			sourceTree = "<group>";
		};
		073DBEAC1F8F8A2B001C3AC1 /* LaunchScreen.storyboard */ = {
			isa = PBXVariantGroup;
			children = (
				073DBEAD1F8F8A2B001C3AC1 /* Base */,
			);
			name = LaunchScreen.storyboard;
			sourceTree = "<group>";
		};
/* End PBXVariantGroup section */

/* Begin XCBuildConfiguration section */
		073DBEB01F8F8A2B001C3AC1 /* Debug */ = {
			isa = XCBuildConfiguration;
			buildSettings = {
				ALWAYS_SEARCH_USER_PATHS = NO;
				CLANG_ANALYZER_NONNULL = YES;
				CLANG_ANALYZER_NUMBER_OBJECT_CONVERSION = YES_AGGRESSIVE;
				CLANG_CXX_LANGUAGE_STANDARD = "gnu++14";
				CLANG_CXX_LIBRARY = "libc++";
				CLANG_ENABLE_MODULES = YES;
				CLANG_ENABLE_OBJC_ARC = YES;
				CLANG_WARN_BLOCK_CAPTURE_AUTORELEASING = YES;
				CLANG_WARN_BOOL_CONVERSION = YES;
				CLANG_WARN_COMMA = YES;
				CLANG_WARN_CONSTANT_CONVERSION = YES;
				CLANG_WARN_DEPRECATED_OBJC_IMPLEMENTATIONS = YES;
				CLANG_WARN_DIRECT_OBJC_ISA_USAGE = YES_ERROR;
				CLANG_WARN_DOCUMENTATION_COMMENTS = YES;
				CLANG_WARN_EMPTY_BODY = YES;
				CLANG_WARN_ENUM_CONVERSION = YES;
				CLANG_WARN_INFINITE_RECURSION = YES;
				CLANG_WARN_INT_CONVERSION = YES;
				CLANG_WARN_NON_LITERAL_NULL_CONVERSION = YES;
				CLANG_WARN_OBJC_IMPLICIT_RETAIN_SELF = YES;
				CLANG_WARN_OBJC_LITERAL_CONVERSION = YES;
				CLANG_WARN_OBJC_ROOT_CLASS = YES_ERROR;
				CLANG_WARN_RANGE_LOOP_ANALYSIS = YES;
				CLANG_WARN_STRICT_PROTOTYPES = YES;
				CLANG_WARN_SUSPICIOUS_MOVE = YES;
				CLANG_WARN_UNGUARDED_AVAILABILITY = YES_AGGRESSIVE;
				CLANG_WARN_UNREACHABLE_CODE = YES;
				CLANG_WARN__DUPLICATE_METHOD_MATCH = YES;
				CODE_SIGN_IDENTITY = "iPhone Developer";
				COPY_PHASE_STRIP = NO;
				DEBUG_INFORMATION_FORMAT = dwarf;
				ENABLE_STRICT_OBJC_MSGSEND = YES;
				ENABLE_TESTABILITY = YES;
				GCC_C_LANGUAGE_STANDARD = gnu11;
				GCC_DYNAMIC_NO_PIC = NO;
				GCC_NO_COMMON_BLOCKS = YES;
				GCC_OPTIMIZATION_LEVEL = 0;
				GCC_PREPROCESSOR_DEFINITIONS = (
					"DEBUG=1",
					"$(inherited)",
				);
				GCC_WARN_64_TO_32_BIT_CONVERSION = YES;
				GCC_WARN_ABOUT_RETURN_TYPE = YES_ERROR;
				GCC_WARN_UNDECLARED_SELECTOR = YES;
				GCC_WARN_UNINITIALIZED_AUTOS = YES_AGGRESSIVE;
				GCC_WARN_UNUSED_FUNCTION = YES;
				GCC_WARN_UNUSED_VARIABLE = YES;
				IPHONEOS_DEPLOYMENT_TARGET = 11.0;
				MTL_ENABLE_DEBUG_INFO = YES;
				ONLY_ACTIVE_ARCH = YES;
				SDKROOT = iphoneos;
				SWIFT_ACTIVE_COMPILATION_CONDITIONS = DEBUG;
				SWIFT_OPTIMIZATION_LEVEL = "-Onone";
			};
			name = Debug;
		};
		073DBEB11F8F8A2B001C3AC1 /* Release */ = {
			isa = XCBuildConfiguration;
			buildSettings = {
				ALWAYS_SEARCH_USER_PATHS = NO;
				CLANG_ANALYZER_NONNULL = YES;
				CLANG_ANALYZER_NUMBER_OBJECT_CONVERSION = YES_AGGRESSIVE;
				CLANG_CXX_LANGUAGE_STANDARD = "gnu++14";
				CLANG_CXX_LIBRARY = "libc++";
				CLANG_ENABLE_MODULES = YES;
				CLANG_ENABLE_OBJC_ARC = YES;
				CLANG_WARN_BLOCK_CAPTURE_AUTORELEASING = YES;
				CLANG_WARN_BOOL_CONVERSION = YES;
				CLANG_WARN_COMMA = YES;
				CLANG_WARN_CONSTANT_CONVERSION = YES;
				CLANG_WARN_DEPRECATED_OBJC_IMPLEMENTATIONS = YES;
				CLANG_WARN_DIRECT_OBJC_ISA_USAGE = YES_ERROR;
				CLANG_WARN_DOCUMENTATION_COMMENTS = YES;
				CLANG_WARN_EMPTY_BODY = YES;
				CLANG_WARN_ENUM_CONVERSION = YES;
				CLANG_WARN_INFINITE_RECURSION = YES;
				CLANG_WARN_INT_CONVERSION = YES;
				CLANG_WARN_NON_LITERAL_NULL_CONVERSION = YES;
				CLANG_WARN_OBJC_IMPLICIT_RETAIN_SELF = YES;
				CLANG_WARN_OBJC_LITERAL_CONVERSION = YES;
				CLANG_WARN_OBJC_ROOT_CLASS = YES_ERROR;
				CLANG_WARN_RANGE_LOOP_ANALYSIS = YES;
				CLANG_WARN_STRICT_PROTOTYPES = YES;
				CLANG_WARN_SUSPICIOUS_MOVE = YES;
				CLANG_WARN_UNGUARDED_AVAILABILITY = YES_AGGRESSIVE;
				CLANG_WARN_UNREACHABLE_CODE = YES;
				CLANG_WARN__DUPLICATE_METHOD_MATCH = YES;
				CODE_SIGN_IDENTITY = "iPhone Developer";
				COPY_PHASE_STRIP = NO;
				DEBUG_INFORMATION_FORMAT = "dwarf-with-dsym";
				ENABLE_NS_ASSERTIONS = NO;
				ENABLE_STRICT_OBJC_MSGSEND = YES;
				GCC_C_LANGUAGE_STANDARD = gnu11;
				GCC_NO_COMMON_BLOCKS = YES;
				GCC_WARN_64_TO_32_BIT_CONVERSION = YES;
				GCC_WARN_ABOUT_RETURN_TYPE = YES_ERROR;
				GCC_WARN_UNDECLARED_SELECTOR = YES;
				GCC_WARN_UNINITIALIZED_AUTOS = YES_AGGRESSIVE;
				GCC_WARN_UNUSED_FUNCTION = YES;
				GCC_WARN_UNUSED_VARIABLE = YES;
				IPHONEOS_DEPLOYMENT_TARGET = 11.0;
				MTL_ENABLE_DEBUG_INFO = NO;
				SDKROOT = iphoneos;
				SWIFT_OPTIMIZATION_LEVEL = "-Owholemodule";
				VALIDATE_PRODUCT = YES;
			};
			name = Release;
		};
		073DBEB31F8F8A2B001C3AC1 /* Debug */ = {
			isa = XCBuildConfiguration;
			buildSettings = {
				ASSETCATALOG_COMPILER_APPICON_NAME = AppIcon;
				CODE_SIGN_STYLE = Automatic;
				DEVELOPMENT_TEAM = 35P9S7STBV;
				INFOPLIST_FILE = Instagram_ProgressBar/Info.plist;
				LD_RUNPATH_SEARCH_PATHS = "$(inherited) @executable_path/Frameworks";
				PRODUCT_BUNDLE_IDENTIFIER = "com.ranjith.Instagram-ProgressBar";
				PRODUCT_NAME = "$(TARGET_NAME)";
				SWIFT_VERSION = 4.2;
				TARGETED_DEVICE_FAMILY = "1,2";
			};
			name = Debug;
		};
		073DBEB41F8F8A2B001C3AC1 /* Release */ = {
			isa = XCBuildConfiguration;
			buildSettings = {
				ASSETCATALOG_COMPILER_APPICON_NAME = AppIcon;
				CODE_SIGN_STYLE = Automatic;
				DEVELOPMENT_TEAM = 35P9S7STBV;
				INFOPLIST_FILE = Instagram_ProgressBar/Info.plist;
				LD_RUNPATH_SEARCH_PATHS = "$(inherited) @executable_path/Frameworks";
				PRODUCT_BUNDLE_IDENTIFIER = "com.ranjith.Instagram-ProgressBar";
				PRODUCT_NAME = "$(TARGET_NAME)";
				SWIFT_VERSION = 4.2;
				TARGETED_DEVICE_FAMILY = "1,2";
			};
			name = Release;
		};
/* End XCBuildConfiguration section */

/* Begin XCConfigurationList section */
		073DBE9B1F8F8A2A001C3AC1 /* Build configuration list for PBXProject "Instagram_ProgressBar" */ = {
			isa = XCConfigurationList;
			buildConfigurations = (
				073DBEB01F8F8A2B001C3AC1 /* Debug */,
				073DBEB11F8F8A2B001C3AC1 /* Release */,
			);
			defaultConfigurationIsVisible = 0;
			defaultConfigurationName = Release;
		};
		073DBEB21F8F8A2B001C3AC1 /* Build configuration list for PBXNativeTarget "Instagram_ProgressBar" */ = {
			isa = XCConfigurationList;
			buildConfigurations = (
				073DBEB31F8F8A2B001C3AC1 /* Debug */,
				073DBEB41F8F8A2B001C3AC1 /* Release */,
			);
			defaultConfigurationIsVisible = 0;
			defaultConfigurationName = Release;
		};
/* End XCConfigurationList section */
	};
	rootObject = 073DBE981F8F8A2A001C3AC1 /* Project object */;
}
